
Microsoft Visual Studio Solution File, Format Version 12.00
# Visual Studio Version 17
VisualStudioVersion = 17.1.32414.318
MinimumVisualStudioVersion = 10.0.40219.1
Project("{FAE04EC0-301F-11D3-BF4B-00C04F79EFBC}") = "Fitness.BL", "Fitness.BL\Fitness.BL.csproj", "{C4CA6647-1F7C-490A-8CB1-FC49AEABD001}"
EndProject
Project("{FAE04EC0-301F-11D3-BF4B-00C04F79EFBC}") = "FitnessApp.CMD", "FitnessApp.CMD\FitnessApp.CMD.csproj", "{AA9D9577-C89A-42B2-9974-9974D6139577}"
EndProject
Project("{FAE04EC0-301F-11D3-BF4B-00C04F79EFBC}") = "Fitness.BLTests", "Fitness.BLTests\Fitness.BLTests.csproj", "{897B0ED4-361F-4AA2-8570-E362B20BAF29}"
EndProject
Global
	GlobalSection(SolutionConfigurationPlatforms) = preSolution
		Debug|Any CPU = Debug|Any CPU
		Release|Any CPU = Release|Any CPU
	EndGlobalSection
	GlobalSection(ProjectConfigurationPlatforms) = postSolution
		{C4CA6647-1F7C-490A-8CB1-FC49AEABD001}.Debug|Any CPU.ActiveCfg = Debug|Any CPU
		{C4CA6647-1F7C-490A-8CB1-FC49AEABD001}.Debug|Any CPU.Build.0 = Debug|Any CPU
		{C4CA6647-1F7C-490A-8CB1-FC49AEABD001}.Release|Any CPU.ActiveCfg = Release|Any CPU
		{C4CA6647-1F7C-490A-8CB1-FC49AEABD001}.Release|Any CPU.Build.0 = Release|Any CPU
		{AA9D9577-C89A-42B2-9974-9974D6139577}.Debug|Any CPU.ActiveCfg = Debug|Any CPU
		{AA9D9577-C89A-42B2-9974-9974D6139577}.Debug|Any CPU.Build.0 = Debug|Any CPU
		{AA9D9577-C89A-42B2-9974-9974D6139577}.Release|Any CPU.ActiveCfg = Release|Any CPU
		{AA9D9577-C89A-42B2-9974-9974D6139577}.Release|Any CPU.Build.0 = Release|Any CPU
		{897B0ED4-361F-4AA2-8570-E362B20BAF29}.Debug|Any CPU.ActiveCfg = Debug|Any CPU
		{897B0ED4-361F-4AA2-8570-E362B20BAF29}.Debug|Any CPU.Build.0 = Debug|Any CPU
		{897B0ED4-361F-4AA2-8570-E362B20BAF29}.Release|Any CPU.ActiveCfg = Release|Any CPU
		{897B0ED4-361F-4AA2-8570-E362B20BAF29}.Release|Any CPU.Build.0 = Release|Any CPU
	EndGlobalSection
	GlobalSection(SolutionProperties) = preSolution
		HideSolutionNode = FALSE
	EndGlobalSection
	GlobalSection(ExtensibilityGlobals) = postSolution
		SolutionGuid = {2D7F16DF-E01C-4452-93B1-D9AF693DB1E5}
	EndGlobalSection
EndGlobal
